Microsoft Visual Studio Solution File, Format Version 12.00
# Visual Studio 2012
Project("{FAE04EC0-301F-11D3-BF4B-00C04F79EFBC}") = "SmallWizardGame", "SmallWizardGame.csproj", "{CC786B71-7C85-4BA3-91C2-1D3A34A16886}"
EndProject
Global
	GlobalSection(SolutionConfigurationPlatforms) = preSolution
	Debug|Any CPU = Debug|Any CPU
	ExportDebug|Any CPU = ExportDebug|Any CPU
	ExportRelease|Any CPU = ExportRelease|Any CPU
	EndGlobalSection
	GlobalSection(ProjectConfigurationPlatforms) = postSolution
		{CC786B71-7C85-4BA3-91C2-1D3A34A16886}.Debug|Any CPU.ActiveCfg = Debug|Any CPU
		{CC786B71-7C85-4BA3-91C2-1D3A34A16886}.Debug|Any CPU.Build.0 = Debug|Any CPU
		{CC786B71-7C85-4BA3-91C2-1D3A34A16886}.ExportDebug|Any CPU.ActiveCfg = ExportDebug|Any CPU
		{CC786B71-7C85-4BA3-91C2-1D3A34A16886}.ExportDebug|Any CPU.Build.0 = ExportDebug|Any CPU
		{CC786B71-7C85-4BA3-91C2-1D3A34A16886}.ExportRelease|Any CPU.ActiveCfg = ExportRelease|Any CPU
		{CC786B71-7C85-4BA3-91C2-1D3A34A16886}.ExportRelease|Any CPU.Build.0 = ExportRelease|Any CPU
	EndGlobalSection
EndGlobal
